PODS:
  - NNDecimalNumber (0.0.1)

DEPENDENCIES:
  - NNDecimalNumber (from `NNDecimalNumber.podspec`)

EXTERNAL SOURCES:
  NNDecimalNumber:
    :path: NNDecimalNumber.podspec

SPEC CHECKSUMS:
  NNDecimalNumber: c7d13db342a223b313b44e7d14b202ebbe9cd392

PODFILE CHECKSUM: 534db7ac72d1362b30ea93b4c152ebe9d6b3aba6

COCOAPODS: 1.6.1
