// !$*UTF8*$!
{
	archiveVersion = 1;
	classes = {
	};
	objectVersion = 50;
	objects = {

/* Begin PBXBuildFile section */
		674760BF22705FA900222D00 /* NNDecimalNumber.framework in Frameworks */ = {isa = PBXBuildFile; fileRef = 674760B522705FA900222D00 /* NNDecimalNumber.framework */; };
		674760C422705FA900222D00 /* NNDecimalNumberTests.m in Sources */ = {isa = PBXBuildFile; fileRef = 674760C322705FA900222D00 /* NNDecimalNumberTests.m */; };
		674760C622705FA900222D00 /* NNDecimalNumber.h in Headers */ = {isa = PBXBuildFile; fileRef = 674760B822705FA900222D00 /* NNDecimalNumber.h */; settings = {ATTRIBUTES = (Public, ); }; };
		6747612F227073BE00222D00 /* NNDecimalNumberDefaultBehavior.h in Headers */ = {isa = PBXBuildFile; fileRef = 6747612D227073BE00222D00 /* NNDecimalNumberDefaultBehavior.h */; };
		67476130227073BE00222D00 /* NNDecimalNumberDefaultBehavior.m in Sources */ = {isa = PBXBuildFile; fileRef = 6747612E227073BE00222D00 /* NNDecimalNumberDefaultBehavior.m */; };
		7AD60308233C62AA00FFBC4D /* NSObject+NNDecimalNumber.m in Sources */ = {isa = PBXBuildFile; fileRef = 7AD60306233C62AA00FFBC4D /* NSObject+NNDecimalNumber.m */; };
		7AD60316233C920200FFBC4D /* NSObject+NNDecimalNumberFormulaStack.m in Sources */ = {isa = PBXBuildFile; fileRef = 7AD60314233C920200FFBC4D /* NSObject+NNDecimalNumberFormulaStack.m */; };
		7AD6031A233C925500FFBC4D /* NSObject+NNDecimalNumberBehavior.m in Sources */ = {isa = PBXBuildFile; fileRef = 7AD60318233C925500FFBC4D /* NSObject+NNDecimalNumberBehavior.m */; };
		7AD6031C233C930400FFBC4D /* NSObject+NNDecimalNumberFormulaStack.h in Headers */ = {isa = PBXBuildFile; fileRef = 7AD6031B233C930400FFBC4D /* NSObject+NNDecimalNumberFormulaStack.h */; };
		7AD6031E233C936600FFBC4D /* NSObject+NNDecimalNumberBehavior.h in Headers */ = {isa = PBXBuildFile; fileRef = 7AD6031D233C936600FFBC4D /* NSObject+NNDecimalNumberBehavior.h */; };
/* End PBXBuildFile section */

/* Begin PBXContainerItemProxy section */
		674760C022705FA900222D00 /* PBXContainerItemProxy */ = {
			isa = PBXContainerItemProxy;
			containerPortal = 674760AC22705FA900222D00 /* Project object */;
			proxyType = 1;
			remoteGlobalIDString = 674760B422705FA900222D00;
			remoteInfo = NNDecimalNumber;
		};
/* End PBXContainerItemProxy section */

/* Begin PBXFileReference section */
		674760B522705FA900222D00 /* NNDecimalNumber.framework */ = {isa = PBXFileReference; explicitFileType = wrapper.framework; includeInIndex = 0; path = NNDecimalNumber.framework; sourceTree = BUILT_PRODUCTS_DIR; };
		674760B822705FA900222D00 /* NNDecimalNumber.h */ = {isa = PBXFileReference; lastKnownFileType = sourcecode.c.h; path = NNDecimalNumber.h; sourceTree = "<group>"; };
		674760B922705FA900222D00 /* Info.plist */ = {isa = PBXFileReference; lastKnownFileType = text.plist.xml; path = Info.plist; sourceTree = "<group>"; };
		674760BE22705FA900222D00 /* NNDecimalNumberTests.xctest */ = {isa = PBXFileReference; explicitFileType = wrapper.cfbundle; includeInIndex = 0; path = NNDecimalNumberTests.xctest; sourceTree = BUILT_PRODUCTS_DIR; };
		674760C322705FA900222D00 /* NNDecimalNumberTests.m */ = {isa = PBXFileReference; lastKnownFileType = sourcecode.c.objc; path = NNDecimalNumberTests.m; sourceTree = "<group>"; };
		674760C522705FA900222D00 /* Info.plist */ = {isa = PBXFileReference; lastKnownFileType = text.plist.xml; path = Info.plist; sourceTree = "<group>"; };
		6747612D227073BE00222D00 /* NNDecimalNumberDefaultBehavior.h */ = {isa = PBXFileReference; lastKnownFileType = sourcecode.c.h; path = NNDecimalNumberDefaultBehavior.h; sourceTree = "<group>"; };
		6747612E227073BE00222D00 /* NNDecimalNumberDefaultBehavior.m */ = {isa = PBXFileReference; lastKnownFileType = sourcecode.c.objc; path = NNDecimalNumberDefaultBehavior.m; sourceTree = "<group>"; };
		67EBD72B2271931E0088E6AE /* NNDecimalNumberInternal.h */ = {isa = PBXFileReference; lastKnownFileType = sourcecode.c.h; path = NNDecimalNumberInternal.h; sourceTree = "<group>"; };
		7AD60306233C62AA00FFBC4D /* NSObject+NNDecimalNumber.m */ = {isa = PBXFileReference; lastKnownFileType = sourcecode.c.objc; path = "NSObject+NNDecimalNumber.m"; sourceTree = "<group>"; };
		7AD60314233C920200FFBC4D /* NSObject+NNDecimalNumberFormulaStack.m */ = {isa = PBXFileReference; lastKnownFileType = sourcecode.c.objc; path = "NSObject+NNDecimalNumberFormulaStack.m"; sourceTree = "<group>"; };
		7AD60318233C925500FFBC4D /* NSObject+NNDecimalNumberBehavior.m */ = {isa = PBXFileReference; lastKnownFileType = sourcecode.c.objc; path = "NSObject+NNDecimalNumberBehavior.m"; sourceTree = "<group>"; };
		7AD6031B233C930400FFBC4D /* NSObject+NNDecimalNumberFormulaStack.h */ = {isa = PBXFileReference; lastKnownFileType = sourcecode.c.h; path = "NSObject+NNDecimalNumberFormulaStack.h"; sourceTree = "<group>"; };
		7AD6031D233C936600FFBC4D /* NSObject+NNDecimalNumberBehavior.h */ = {isa = PBXFileReference; lastKnownFileType = sourcecode.c.h; path = "NSObject+NNDecimalNumberBehavior.h"; sourceTree = "<group>"; };
/* End PBXFileReference section */

/* Begin PBXFrameworksBuildPhase section */
		674760B222705FA900222D00 /* Frameworks */ = {
			isa = PBXFrameworksBuildPhase;
			buildActionMask = 2147483647;
			files = (
			);
			runOnlyForDeploymentPostprocessing = 0;
		};
		674760BB22705FA900222D00 /* Frameworks */ = {
			isa = PBXFrameworksBuildPhase;
			buildActionMask = 2147483647;
			files = (
				674760BF22705FA900222D00 /* NNDecimalNumber.framework in Frameworks */,
			);
			runOnlyForDeploymentPostprocessing = 0;
		};
/* End PBXFrameworksBuildPhase section */

/* Begin PBXGroup section */
		674760AB22705FA900222D00 = {
			isa = PBXGroup;
			children = (
				674760B722705FA900222D00 /* NNDecimalNumber */,
				674760C222705FA900222D00 /* NNDecimalNumberTests */,
				674760B622705FA900222D00 /* Products */,
			);
			sourceTree = "<group>";
		};
		674760B622705FA900222D00 /* Products */ = {
			isa = PBXGroup;
			children = (
				674760B522705FA900222D00 /* NNDecimalNumber.framework */,
				674760BE22705FA900222D00 /* NNDecimalNumberTests.xctest */,
			);
			name = Products;
			sourceTree = "<group>";
		};
		674760B722705FA900222D00 /* NNDecimalNumber */ = {
			isa = PBXGroup;
			children = (
				674760B822705FA900222D00 /* NNDecimalNumber.h */,
				67EBD72B2271931E0088E6AE /* NNDecimalNumberInternal.h */,
				7AD60306233C62AA00FFBC4D /* NSObject+NNDecimalNumber.m */,
				7AD6031B233C930400FFBC4D /* NSObject+NNDecimalNumberFormulaStack.h */,
				7AD60314233C920200FFBC4D /* NSObject+NNDecimalNumberFormulaStack.m */,
				7AD6031D233C936600FFBC4D /* NSObject+NNDecimalNumberBehavior.h */,
				7AD60318233C925500FFBC4D /* NSObject+NNDecimalNumberBehavior.m */,
				6747612D227073BE00222D00 /* NNDecimalNumberDefaultBehavior.h */,
				6747612E227073BE00222D00 /* NNDecimalNumberDefaultBehavior.m */,
				674760B922705FA900222D00 /* Info.plist */,
			);
			path = NNDecimalNumber;
			sourceTree = "<group>";
		};
		674760C222705FA900222D00 /* NNDecimalNumberTests */ = {
			isa = PBXGroup;
			children = (
				674760C322705FA900222D00 /* NNDecimalNumberTests.m */,
				674760C522705FA900222D00 /* Info.plist */,
			);
			path = NNDecimalNumberTests;
			sourceTree = "<group>";
		};
/* End PBXGroup section */

/* Begin PBXHeadersBuildPhase section */
		674760B022705FA900222D00 /* Headers */ = {
			isa = PBXHeadersBuildPhase;
			buildActionMask = 2147483647;
			files = (
				6747612F227073BE00222D00 /* NNDecimalNumberDefaultBehavior.h in Headers */,
				7AD6031C233C930400FFBC4D /* NSObject+NNDecimalNumberFormulaStack.h in Headers */,
				674760C622705FA900222D00 /* NNDecimalNumber.h in Headers */,
				7AD6031E233C936600FFBC4D /* NSObject+NNDecimalNumberBehavior.h in Headers */,
			);
			runOnlyForDeploymentPostprocessing = 0;
		};
/* End PBXHeadersBuildPhase section */

/* Begin PBXNativeTarget section */
		674760B422705FA900222D00 /* NNDecimalNumber */ = {
			isa = PBXNativeTarget;
			buildConfigurationList = 674760C922705FA900222D00 /* Build configuration list for PBXNativeTarget "NNDecimalNumber" */;
			buildPhases = (
				674760B022705FA900222D00 /* Headers */,
				674760B122705FA900222D00 /* Sources */,
				674760B222705FA900222D00 /* Frameworks */,
				674760B322705FA900222D00 /* Resources */,
			);
			buildRules = (
			);
			dependencies = (
			);
			name = NNDecimalNumber;
			productName = NNDecimalNumber;
			productReference = 674760B522705FA900222D00 /* NNDecimalNumber.framework */;
			productType = "com.apple.product-type.framework";
		};
		674760BD22705FA900222D00 /* NNDecimalNumberTests */ = {
			isa = PBXNativeTarget;
			buildConfigurationList = 674760CC22705FA900222D00 /* Build configuration list for PBXNativeTarget "NNDecimalNumberTests" */;
			buildPhases = (
				674760BA22705FA900222D00 /* Sources */,
				674760BB22705FA900222D00 /* Frameworks */,
				674760BC22705FA900222D00 /* Resources */,
			);
			buildRules = (
			);
			dependencies = (
				674760C122705FA900222D00 /* PBXTargetDependency */,
			);
			name = NNDecimalNumberTests;
			productName = NNDecimalNumberTests;
			productReference = 674760BE22705FA900222D00 /* NNDecimalNumberTests.xctest */;
			productType = "com.apple.product-type.bundle.unit-test";
		};
/* End PBXNativeTarget section */

/* Begin PBXProject section */
		674760AC22705FA900222D00 /* Project object */ = {
			isa = PBXProject;
			attributes = {
				LastUpgradeCheck = 1020;
				ORGANIZATIONNAME = "HaiJun Gu";
				TargetAttributes = {
					674760B422705FA900222D00 = {
						CreatedOnToolsVersion = 10.2;
					};
					674760BD22705FA900222D00 = {
						CreatedOnToolsVersion = 10.2;
					};
				};
			};
			buildConfigurationList = 674760AF22705FA900222D00 /* Build configuration list for PBXProject "NNDecimalNumber" */;
			compatibilityVersion = "Xcode 9.3";
			developmentRegion = en;
			hasScannedForEncodings = 0;
			knownRegions = (
				en,
			);
			mainGroup = 674760AB22705FA900222D00;
			productRefGroup = 674760B622705FA900222D00 /* Products */;
			projectDirPath = "";
			projectRoot = "";
			targets = (
				674760B422705FA900222D00 /* NNDecimalNumber */,
				674760BD22705FA900222D00 /* NNDecimalNumberTests */,
			);
		};
/* End PBXProject section */

/* Begin PBXResourcesBuildPhase section */
		674760B322705FA900222D00 /* Resources */ = {
			isa = PBXResourcesBuildPhase;
			buildActionMask = 2147483647;
			files = (
			);
			runOnlyForDeploymentPostprocessing = 0;
		};
		674760BC22705FA900222D00 /* Resources */ = {
			isa = PBXResourcesBuildPhase;
			buildActionMask = 2147483647;
			files = (
			);
			runOnlyForDeploymentPostprocessing = 0;
		};
/* End PBXResourcesBuildPhase section */

/* Begin PBXSourcesBuildPhase section */
		674760B122705FA900222D00 /* Sources */ = {
			isa = PBXSourcesBuildPhase;
			buildActionMask = 2147483647;
			files = (
				7AD6031A233C925500FFBC4D /* NSObject+NNDecimalNumberBehavior.m in Sources */,
				7AD60308233C62AA00FFBC4D /* NSObject+NNDecimalNumber.m in Sources */,
				67476130227073BE00222D00 /* NNDecimalNumberDefaultBehavior.m in Sources */,
				7AD60316233C920200FFBC4D /* NSObject+NNDecimalNumberFormulaStack.m in Sources */,
			);
			runOnlyForDeploymentPostprocessing = 0;
		};
		674760BA22705FA900222D00 /* Sources */ = {
			isa = PBXSourcesBuildPhase;
			buildActionMask = 2147483647;
			files = (
				674760C422705FA900222D00 /* NNDecimalNumberTests.m in Sources */,
			);
			runOnlyForDeploymentPostprocessing = 0;
		};
/* End PBXSourcesBuildPhase section */

/* Begin PBXTargetDependency section */
		674760C122705FA900222D00 /* PBXTargetDependency */ = {
			isa = PBXTargetDependency;
			target = 674760B422705FA900222D00 /* NNDecimalNumber */;
			targetProxy = 674760C022705FA900222D00 /* PBXContainerItemProxy */;
		};
/* End PBXTargetDependency section */

/* Begin XCBuildConfiguration section */
		674760C722705FA900222D00 /* Debug */ = {
			isa = XCBuildConfiguration;
			buildSettings = {
				ALWAYS_SEARCH_USER_PATHS = NO;
				CLANG_ANALYZER_NONNULL = YES;
				CLANG_ANALYZER_NUMBER_OBJECT_CONVERSION = YES_AGGRESSIVE;
				CLANG_CXX_LANGUAGE_STANDARD = "gnu++14";
				CLANG_CXX_LIBRARY = "libc++";
				CLANG_ENABLE_MODULES = YES;
				CLANG_ENABLE_OBJC_ARC = YES;
				CLANG_ENABLE_OBJC_WEAK = YES;
				CLANG_WARN_BLOCK_CAPTURE_AUTORELEASING = YES;
				CLANG_WARN_BOOL_CONVERSION = YES;
				CLANG_WARN_COMMA = YES;
				CLANG_WARN_CONSTANT_CONVERSION = YES;
				CLANG_WARN_DEPRECATED_OBJC_IMPLEMENTATIONS = YES;
				CLANG_WARN_DIRECT_OBJC_ISA_USAGE = YES_ERROR;
				CLANG_WARN_DOCUMENTATION_COMMENTS = YES;
				CLANG_WARN_EMPTY_BODY = YES;
				CLANG_WARN_ENUM_CONVERSION = YES;
				CLANG_WARN_INFINITE_RECURSION = YES;
				CLANG_WARN_INT_CONVERSION = YES;
				CLANG_WARN_NON_LITERAL_NULL_CONVERSION = YES;
				CLANG_WARN_OBJC_IMPLICIT_RETAIN_SELF = YES;
				CLANG_WARN_OBJC_LITERAL_CONVERSION = YES;
				CLANG_WARN_OBJC_ROOT_CLASS = YES_ERROR;
				CLANG_WARN_RANGE_LOOP_ANALYSIS = YES;
				CLANG_WARN_STRICT_PROTOTYPES = YES;
				CLANG_WARN_SUSPICIOUS_MOVE = YES;
				CLANG_WARN_UNGUARDED_AVAILABILITY = YES_AGGRESSIVE;
				CLANG_WARN_UNREACHABLE_CODE = YES;
				CLANG_WARN__DUPLICATE_METHOD_MATCH = YES;
				CODE_SIGN_IDENTITY = "iPhone Developer";
				COPY_PHASE_STRIP = NO;
				CURRENT_PROJECT_VERSION = 1;
				DEBUG_INFORMATION_FORMAT = dwarf;
				ENABLE_STRICT_OBJC_MSGSEND = YES;
				ENABLE_TESTABILITY = YES;
				GCC_C_LANGUAGE_STANDARD = gnu11;
				GCC_DYNAMIC_NO_PIC = NO;
				GCC_NO_COMMON_BLOCKS = YES;
				GCC_OPTIMIZATION_LEVEL = 0;
				GCC_PREPROCESSOR_DEFINITIONS = (
					"DEBUG=1",
					"$(inherited)",
				);
				GCC_WARN_64_TO_32_BIT_CONVERSION = YES;
				GCC_WARN_ABOUT_RETURN_TYPE = YES_ERROR;
				GCC_WARN_UNDECLARED_SELECTOR = YES;
				GCC_WARN_UNINITIALIZED_AUTOS = YES_AGGRESSIVE;
				GCC_WARN_UNUSED_FUNCTION = YES;
				GCC_WARN_UNUSED_VARIABLE = YES;
				IPHONEOS_DEPLOYMENT_TARGET = 12.2;
				MTL_ENABLE_DEBUG_INFO = INCLUDE_SOURCE;
				MTL_FAST_MATH = YES;
				ONLY_ACTIVE_ARCH = YES;
				SDKROOT = iphoneos;
				VERSIONING_SYSTEM = "apple-generic";
				VERSION_INFO_PREFIX = "";
			};
			name = Debug;
		};
		674760C822705FA900222D00 /* Release */ = {
			isa = XCBuildConfiguration;
			buildSettings = {
				ALWAYS_SEARCH_USER_PATHS = NO;
				CLANG_ANALYZER_NONNULL = YES;
				CLANG_ANALYZER_NUMBER_OBJECT_CONVERSION = YES_AGGRESSIVE;
				CLANG_CXX_LANGUAGE_STANDARD = "gnu++14";
				CLANG_CXX_LIBRARY = "libc++";
				CLANG_ENABLE_MODULES = YES;
				CLANG_ENABLE_OBJC_ARC = YES;
				CLANG_ENABLE_OBJC_WEAK = YES;
				CLANG_WARN_BLOCK_CAPTURE_AUTORELEASING = YES;
				CLANG_WARN_BOOL_CONVERSION = YES;
				CLANG_WARN_COMMA = YES;
				CLANG_WARN_CONSTANT_CONVERSION = YES;
				CLANG_WARN_DEPRECATED_OBJC_IMPLEMENTATIONS = YES;
				CLANG_WARN_DIRECT_OBJC_ISA_USAGE = YES_ERROR;
				CLANG_WARN_DOCUMENTATION_COMMENTS = YES;
				CLANG_WARN_EMPTY_BODY = YES;
				CLANG_WARN_ENUM_CONVERSION = YES;
				CLANG_WARN_INFINITE_RECURSION = YES;
				CLANG_WARN_INT_CONVERSION = YES;
				CLANG_WARN_NON_LITERAL_NULL_CONVERSION = YES;
				CLANG_WARN_OBJC_IMPLICIT_RETAIN_SELF = YES;
				CLANG_WARN_OBJC_LITERAL_CONVERSION = YES;
				CLANG_WARN_OBJC_ROOT_CLASS = YES_ERROR;
				CLANG_WARN_RANGE_LOOP_ANALYSIS = YES;
				CLANG_WARN_STRICT_PROTOTYPES = YES;
				CLANG_WARN_SUSPICIOUS_MOVE = YES;
				CLANG_WARN_UNGUARDED_AVAILABILITY = YES_AGGRESSIVE;
				CLANG_WARN_UNREACHABLE_CODE = YES;
				CLANG_WARN__DUPLICATE_METHOD_MATCH = YES;
				CODE_SIGN_IDENTITY = "iPhone Developer";
				COPY_PHASE_STRIP = NO;
				CURRENT_PROJECT_VERSION = 1;
				DEBUG_INFORMATION_FORMAT = "dwarf-with-dsym";
				ENABLE_NS_ASSERTIONS = NO;
				ENABLE_STRICT_OBJC_MSGSEND = YES;
				GCC_C_LANGUAGE_STANDARD = gnu11;
				GCC_NO_COMMON_BLOCKS = YES;
				GCC_WARN_64_TO_32_BIT_CONVERSION = YES;
				GCC_WARN_ABOUT_RETURN_TYPE = YES_ERROR;
				GCC_WARN_UNDECLARED_SELECTOR = YES;
				GCC_WARN_UNINITIALIZED_AUTOS = YES_AGGRESSIVE;
				GCC_WARN_UNUSED_FUNCTION = YES;
				GCC_WARN_UNUSED_VARIABLE = YES;
				IPHONEOS_DEPLOYMENT_TARGET = 12.2;
				MTL_ENABLE_DEBUG_INFO = NO;
				MTL_FAST_MATH = YES;
				SDKROOT = iphoneos;
				VALIDATE_PRODUCT = YES;
				VERSIONING_SYSTEM = "apple-generic";
				VERSION_INFO_PREFIX = "";
			};
			name = Release;
		};
		674760CA22705FA900222D00 /* Debug */ = {
			isa = XCBuildConfiguration;
			buildSettings = {
				CODE_SIGN_IDENTITY = "";
				CODE_SIGN_STYLE = Automatic;
				DEFINES_MODULE = YES;
				DYLIB_COMPATIBILITY_VERSION = 1;
				DYLIB_CURRENT_VERSION = 1;
				DYLIB_INSTALL_NAME_BASE = "@rpath";
				INFOPLIST_FILE = NNDecimalNumber/Info.plist;
				INSTALL_PATH = "$(LOCAL_LIBRARY_DIR)/Frameworks";
				LD_RUNPATH_SEARCH_PATHS = (
					"$(inherited)",
					"@executable_path/Frameworks",
					"@loader_path/Frameworks",
				);
				OTHER_LDFLAGS = "-ObjC";
				PRODUCT_BUNDLE_IDENTIFIER = com.nn.NNDecimalNumber;
				PRODUCT_NAME = "$(TARGET_NAME:c99extidentifier)";
				SKIP_INSTALL = YES;
				TARGETED_DEVICE_FAMILY = "1,2";
			};
			name = Debug;
		};
		674760CB22705FA900222D00 /* Release */ = {
			isa = XCBuildConfiguration;
			buildSettings = {
				CODE_SIGN_IDENTITY = "";
				CODE_SIGN_STYLE = Automatic;
				DEFINES_MODULE = YES;
				DYLIB_COMPATIBILITY_VERSION = 1;
				DYLIB_CURRENT_VERSION = 1;
				DYLIB_INSTALL_NAME_BASE = "@rpath";
				INFOPLIST_FILE = NNDecimalNumber/Info.plist;
				INSTALL_PATH = "$(LOCAL_LIBRARY_DIR)/Frameworks";
				LD_RUNPATH_SEARCH_PATHS = (
					"$(inherited)",
					"@executable_path/Frameworks",
					"@loader_path/Frameworks",
				);
				OTHER_LDFLAGS = "-ObjC";
				PRODUCT_BUNDLE_IDENTIFIER = com.nn.NNDecimalNumber;
				PRODUCT_NAME = "$(TARGET_NAME:c99extidentifier)";
				SKIP_INSTALL = YES;
				TARGETED_DEVICE_FAMILY = "1,2";
			};
			name = Release;
		};
		674760CD22705FA900222D00 /* Debug */ = {
			isa = XCBuildConfiguration;
			buildSettings = {
				CODE_SIGN_STYLE = Automatic;
				INFOPLIST_FILE = NNDecimalNumberTests/Info.plist;
				LD_RUNPATH_SEARCH_PATHS = (
					"$(inherited)",
					"@executable_path/Frameworks",
					"@loader_path/Frameworks",
				);
				PRODUCT_BUNDLE_IDENTIFIER = com.nn.NNDecimalNumberTests;
				PRODUCT_NAME = "$(TARGET_NAME)";
				TARGETED_DEVICE_FAMILY = "1,2";
			};
			name = Debug;
		};
		674760CE22705FA900222D00 /* Release */ = {
			isa = XCBuildConfiguration;
			buildSettings = {
				CODE_SIGN_STYLE = Automatic;
				INFOPLIST_FILE = NNDecimalNumberTests/Info.plist;
				LD_RUNPATH_SEARCH_PATHS = (
					"$(inherited)",
					"@executable_path/Frameworks",
					"@loader_path/Frameworks",
				);
				PRODUCT_BUNDLE_IDENTIFIER = com.nn.NNDecimalNumberTests;
				PRODUCT_NAME = "$(TARGET_NAME)";
				TARGETED_DEVICE_FAMILY = "1,2";
			};
			name = Release;
		};
/* End XCBuildConfiguration section */

/* Begin XCConfigurationList section */
		674760AF22705FA900222D00 /* Build configuration list for PBXProject "NNDecimalNumber" */ = {
			isa = XCConfigurationList;
			buildConfigurations = (
				674760C722705FA900222D00 /* Debug */,
				674760C822705FA900222D00 /* Release */,
			);
			defaultConfigurationIsVisible = 0;
			defaultConfigurationName = Release;
		};
		674760C922705FA900222D00 /* Build configuration list for PBXNativeTarget "NNDecimalNumber" */ = {
			isa = XCConfigurationList;
			buildConfigurations = (
				674760CA22705FA900222D00 /* Debug */,
				674760CB22705FA900222D00 /* Release */,
			);
			defaultConfigurationIsVisible = 0;
			defaultConfigurationName = Release;
		};
		674760CC22705FA900222D00 /* Build configuration list for PBXNativeTarget "NNDecimalNumberTests" */ = {
			isa = XCConfigurationList;
			buildConfigurations = (
				674760CD22705FA900222D00 /* Debug */,
				674760CE22705FA900222D00 /* Release */,
			);
			defaultConfigurationIsVisible = 0;
			defaultConfigurationName = Release;
		};
/* End XCConfigurationList section */
	};
	rootObject = 674760AC22705FA900222D00 /* Project object */;
}
